
Microsoft Visual Studio Solution File, Format Version 12.00
# Visual Studio Version 16
VisualStudioVersion = 16.0.30413.136
MinimumVisualStudioVersion = 10.0.40219.1
Project("{8BC9CEB8-8B4A-11D0-8D11-00A0C91BC942}") = "Ole_Midtgård_Weekly1", "Ole_Midtgård_Weekly1\Ole_Midtgård_Weekly1.vcxproj", "{8CA1F27A-D120-42B9-B74C-4AC13E41A976}"
EndProject
Global
	GlobalSection(SolutionConfigurationPlatforms) = preSolution
		Debug|x64 = Debug|x64
		Debug|x86 = Debug|x86
		Release|x64 = Release|x64
		Release|x86 = Release|x86
	EndGlobalSection
	GlobalSection(ProjectConfigurationPlatforms) = postSolution
		{8CA1F27A-D120-42B9-B74C-4AC13E41A976}.Debug|x64.ActiveCfg = Debug|x64
		{8CA1F27A-D120-42B9-B74C-4AC13E41A976}.Debug|x64.Build.0 = Debug|x64
		{8CA1F27A-D120-42B9-B74C-4AC13E41A976}.Debug|x86.ActiveCfg = Debug|Win32
		{8CA1F27A-D120-42B9-B74C-4AC13E41A976}.Debug|x86.Build.0 = Debug|Win32
		{8CA1F27A-D120-42B9-B74C-4AC13E41A976}.Release|x64.ActiveCfg = Release|x64
		{8CA1F27A-D120-42B9-B74C-4AC13E41A976}.Release|x64.Build.0 = Release|x64
		{8CA1F27A-D120-42B9-B74C-4AC13E41A976}.Release|x86.ActiveCfg = Release|Win32
		{8CA1F27A-D120-42B9-B74C-4AC13E41A976}.Release|x86.Build.0 = Release|Win32
	EndGlobalSection
	GlobalSection(SolutionProperties) = preSolution
		HideSolutionNode = FALSE
	EndGlobalSection
	GlobalSection(ExtensibilityGlobals) = postSolution
		SolutionGuid = {5A1E013C-1FB9-4F01-96D9-C870C9E89D25}
	EndGlobalSection
EndGlobal
